PODS:
  - AdobeMediaSDK (2.2.7):
    - AdobeMobileSDK
    - AdobeMobileSDK/TVOS
  - AdobeMobileSDK (4.18.7):
    - AdobeMobileSDK/iOS (= 4.18.7)
  - AdobeMobileSDK/iOS (4.18.7)
  - AdobeMobileSDK/TVOS (4.19.1)
  - Analytics (3.6.7)
  - Expecta (1.0.6)
  - OCHamcrest (7.0.2)
  - OCMockito (5.0.1):
    - OCHamcrest (~> 7.0)
  - Segment-Adobe-Analytics (1.4.3):
    - AdobeMediaSDK
    - AdobeMobileSDK
    - AdobeMobileSDK/TVOS
    - Analytics (~> 3.5)
  - Specta (1.0.7)

DEPENDENCIES:
  - Expecta
  - OCMockito
  - Segment-Adobe-Analytics (from `../`)
  - Specta

SPEC REPOS:
  https://github.com/CocoaPods/Specs.git:
    - AdobeMobileSDK
    - Analytics
    - Expecta
    - OCHamcrest
    - OCMockito
    - Specta
  trunk:
    - AdobeMediaSDK

EXTERNAL SOURCES:
  Segment-Adobe-Analytics:
    :path: "../"

SPEC CHECKSUMS:
  AdobeMediaSDK: 7ee90061503e56f794808e80d4b1ba7e8a0bf4e1
  AdobeMobileSDK: 1d79bf4237c304cab5b7ac8b885146f7abd65261
  Analytics: 2c09a50e3478a3a7ced08a22d00c43ba6f7011e6
  Expecta: 3b6bd90a64b9a1dcb0b70aa0e10a7f8f631667d5
  OCHamcrest: 706bfbf69a3df55a873bad096014e80e2e8ca93c
  OCMockito: 063837a086c058e764fcd23e771089c1759e7197
  Segment-Adobe-Analytics: e21bc3e9463285cc382dc17f406df2620738321b
  Specta: 3e1bd89c3517421982dc4d1c992503e48bd5fe66

PODFILE CHECKSUM: 599db44d427d9aeea39e5c49c1b55ab56fb6a882

COCOAPODS: 1.8.4
