PODS:
  - AdobeMobileSDK (4.18.7):
    - AdobeMobileSDK/iOS (= 4.18.7)
  - AdobeMobileSDK/iOS (4.18.7)
  - AdobeMobileSDK/TVOS (4.19.1)
  - AdobeVideoHeartbeatSDK (2.0.0):
    - AdobeVideoHeartbeatSDK/iOS (= 2.0.0)
  - AdobeVideoHeartbeatSDK/iOS (2.0.0):
    - AdobeMobileSDK
  - AdobeVideoHeartbeatSDK/TVOS (2.1):
    - AdobeMobileSDK/TVOS
  - Analytics (3.6.7)
  - Expecta (1.0.6)
  - OCHamcrest (7.0.2)
  - OCMockito (5.0.1):
    - OCHamcrest (~> 7.0)
  - Segment-Adobe-Analytics (1.4.0):
    - AdobeMobileSDK
    - AdobeMobileSDK/TVOS
    - AdobeVideoHeartbeatSDK
    - AdobeVideoHeartbeatSDK/TVOS
    - Analytics (~> 3.5)
  - Specta (1.0.7)

DEPENDENCIES:
  - Expecta
  - OCMockito
  - Segment-Adobe-Analytics (from `../`)
  - Specta

SPEC REPOS:
  https://github.com/CocoaPods/Specs.git:
    - AdobeMobileSDK
    - AdobeVideoHeartbeatSDK
    - Analytics
    - Expecta
    - OCHamcrest
    - OCMockito
    - Specta

EXTERNAL SOURCES:
  Segment-Adobe-Analytics:
    :path: "../"

SPEC CHECKSUMS:
  AdobeMobileSDK: 1d79bf4237c304cab5b7ac8b885146f7abd65261
  AdobeVideoHeartbeatSDK: e18cf047ae5d995f1762514a66c963dfff60cebf
  Analytics: 2c09a50e3478a3a7ced08a22d00c43ba6f7011e6
  Expecta: 3b6bd90a64b9a1dcb0b70aa0e10a7f8f631667d5
  OCHamcrest: 706bfbf69a3df55a873bad096014e80e2e8ca93c
  OCMockito: 063837a086c058e764fcd23e771089c1759e7197
  Segment-Adobe-Analytics: f27d9a8dd939a52df366fc133f2934a5885c6ced
  Specta: 3e1bd89c3517421982dc4d1c992503e48bd5fe66

PODFILE CHECKSUM: 599db44d427d9aeea39e5c49c1b55ab56fb6a882

COCOAPODS: 1.8.4
