PODS:
  - AdobeMobileSDK (4.18.7):
    - AdobeMobileSDK/iOS (= 4.18.7)
  - AdobeMobileSDK/iOS (4.18.7)
  - AdobeVideoHeartbeatSDK (2.0.0):
    - AdobeVideoHeartbeatSDK/iOS (= 2.0.0)
  - AdobeVideoHeartbeatSDK/iOS (2.0.0):
    - AdobeMobileSDK
  - Analytics (3.7.0)
  - Expecta (1.0.6)
  - OCHamcrest (7.0.2)
  - OCMockito (5.0.1):
    - OCHamcrest (~> 7.0)
  - Segment-Adobe-Analytics (1.2.0):
    - AdobeMobileSDK
    - AdobeVideoHeartbeatSDK
    - Analytics (~> 3.5)
  - Specta (1.0.7)

DEPENDENCIES:
  - Expecta
  - OCMockito
  - Segment-Adobe-Analytics (from `../`)
  - Specta

SPEC REPOS:
  https://github.com/cocoapods/specs.git:
    - AdobeMobileSDK
    - AdobeVideoHeartbeatSDK
    - Analytics
    - Expecta
    - OCHamcrest
    - OCMockito
    - Specta

EXTERNAL SOURCES:
  Segment-Adobe-Analytics:
    :path: "../"

SPEC CHECKSUMS:
  AdobeMobileSDK: 01b71984f7bdbc25589c91e68203c9b61763e639
  AdobeVideoHeartbeatSDK: eae02f73d0987b7b57a6e0fa1c891db3f1d013da
  Analytics: 77fd5fb102a4a5eedafa2c2b0245ceb7b7c15e45
  Expecta: 3b6bd90a64b9a1dcb0b70aa0e10a7f8f631667d5
  OCHamcrest: 706bfbf69a3df55a873bad096014e80e2e8ca93c
  OCMockito: 063837a086c058e764fcd23e771089c1759e7197
  Segment-Adobe-Analytics: eabe5a2ccb206d338b1433a8de89cd18da9382a9
  Specta: 3e1bd89c3517421982dc4d1c992503e48bd5fe66

PODFILE CHECKSUM: 7a306446e2a5328d23dcbfe74027397be19f3633

COCOAPODS: 1.7.5
