// !$*UTF8*$!
{
	archiveVersion = 1;
	classes = {
	};
	objectVersion = 46;
	objects = {

/* Begin PBXBuildFile section */
		1A558AFA1D02C9374645EF30 /* libPods-Segment-Adobe-Analytics_Example.a in Frameworks */ = {isa = PBXBuildFile; fileRef = 43B578454AE72BAA6CB34FB6 /* libPods-Segment-Adobe-Analytics_Example.a */; };
		20AB739D11DCB0C5790723FE /* libPods-Segment-Adobe-Analytics_TVOS.a in Frameworks */ = {isa = PBXBuildFile; fileRef = A7CE40B348129B35230E6116 /* libPods-Segment-Adobe-Analytics_TVOS.a */; };
		6003F58E195388D20070C39A /* Foundation.framework in Frameworks */ = {isa = PBXBuildFile; fileRef = 6003F58D195388D20070C39A /* Foundation.framework */; };
		6003F590195388D20070C39A /* CoreGraphics.framework in Frameworks */ = {isa = PBXBuildFile; fileRef = 6003F58F195388D20070C39A /* CoreGraphics.framework */; };
		6003F592195388D20070C39A /* UIKit.framework in Frameworks */ = {isa = PBXBuildFile; fileRef = 6003F591195388D20070C39A /* UIKit.framework */; };
		6003F598195388D20070C39A /* InfoPlist.strings in Resources */ = {isa = PBXBuildFile; fileRef = 6003F596195388D20070C39A /* InfoPlist.strings */; };
		6003F59A195388D20070C39A /* main.m in Sources */ = {isa = PBXBuildFile; fileRef = 6003F599195388D20070C39A /* main.m */; };
		6003F59E195388D20070C39A /* SEGAdobeAppDelegate.m in Sources */ = {isa = PBXBuildFile; fileRef = 6003F59D195388D20070C39A /* SEGAdobeAppDelegate.m */; };
		6003F5A7195388D20070C39A /* SEGAdobeViewController.m in Sources */ = {isa = PBXBuildFile; fileRef = 6003F5A6195388D20070C39A /* SEGAdobeViewController.m */; };
		6003F5A9195388D20070C39A /* Images.xcassets in Resources */ = {isa = PBXBuildFile; fileRef = 6003F5A8195388D20070C39A /* Images.xcassets */; };
		6003F5B0195388D20070C39A /* XCTest.framework in Frameworks */ = {isa = PBXBuildFile; fileRef = 6003F5AF195388D20070C39A /* XCTest.framework */; };
		6003F5B1195388D20070C39A /* Foundation.framework in Frameworks */ = {isa = PBXBuildFile; fileRef = 6003F58D195388D20070C39A /* Foundation.framework */; };
		6003F5B2195388D20070C39A /* UIKit.framework in Frameworks */ = {isa = PBXBuildFile; fileRef = 6003F591195388D20070C39A /* UIKit.framework */; };
		6003F5BA195388D20070C39A /* InfoPlist.strings in Resources */ = {isa = PBXBuildFile; fileRef = 6003F5B8195388D20070C39A /* InfoPlist.strings */; };
		6003F5BC195388D20070C39A /* Tests.m in Sources */ = {isa = PBXBuildFile; fileRef = 6003F5BB195388D20070C39A /* Tests.m */; };
		6B5278193005A8CBCF8B1BDF /* libPods-Segment-Adobe-Analytics_Tests.a in Frameworks */ = {isa = PBXBuildFile; fileRef = 03108D42F9B3F734F0E744D9 /* libPods-Segment-Adobe-Analytics_Tests.a */; };
		71719F9F1E33DC2100824A3D /* LaunchScreen.storyboard in Resources */ = {isa = PBXBuildFile; fileRef = 71719F9D1E33DC2100824A3D /* LaunchScreen.storyboard */; };
		873B8AEB1B1F5CCA007FD442 /* Main.storyboard in Resources */ = {isa = PBXBuildFile; fileRef = 873B8AEA1B1F5CCA007FD442 /* Main.storyboard */; };
		956FC58E1FB4D502003028A2 /* SystemConfiguration.framework in Frameworks */ = {isa = PBXBuildFile; fileRef = 956FC58D1FB4D502003028A2 /* SystemConfiguration.framework */; };
		956FC5901FB4D50B003028A2 /* libsqlite3.0.tbd in Frameworks */ = {isa = PBXBuildFile; fileRef = 956FC58F1FB4D50B003028A2 /* libsqlite3.0.tbd */; };
		EA67397D243BB20300F6AA49 /* ADBMobileConfig.json in Resources */ = {isa = PBXBuildFile; fileRef = EA67397C243BB20300F6AA49 /* ADBMobileConfig.json */; };
		EA67397E243BB20300F6AA49 /* ADBMobileConfig.json in Resources */ = {isa = PBXBuildFile; fileRef = EA67397C243BB20300F6AA49 /* ADBMobileConfig.json */; };
		EA673980243BB29D00F6AA49 /* ADBMobileConfig.json in Resources */ = {isa = PBXBuildFile; fileRef = EA67397F243BB29D00F6AA49 /* ADBMobileConfig.json */; };
		EA673981243BB29D00F6AA49 /* ADBMobileConfig.json in Resources */ = {isa = PBXBuildFile; fileRef = EA67397F243BB29D00F6AA49 /* ADBMobileConfig.json */; };
		EAEE78C8242934740071E702 /* AppDelegate.m in Sources */ = {isa = PBXBuildFile; fileRef = EAEE78C7242934740071E702 /* AppDelegate.m */; };
		EAEE78CB242934740071E702 /* ViewController.m in Sources */ = {isa = PBXBuildFile; fileRef = EAEE78CA242934740071E702 /* ViewController.m */; };
		EAEE78CE242934740071E702 /* Main.storyboard in Resources */ = {isa = PBXBuildFile; fileRef = EAEE78CC242934740071E702 /* Main.storyboard */; };
		EAEE78D0242934750071E702 /* Assets.xcassets in Resources */ = {isa = PBXBuildFile; fileRef = EAEE78CF242934750071E702 /* Assets.xcassets */; };
		EAEE78D3242934750071E702 /* LaunchScreen.storyboard in Resources */ = {isa = PBXBuildFile; fileRef = EAEE78D1242934750071E702 /* LaunchScreen.storyboard */; };
		EAEE78D6242934750071E702 /* main.m in Sources */ = {isa = PBXBuildFile; fileRef = EAEE78D5242934750071E702 /* main.m */; };
		EAEE78E0242934750071E702 /* Segment_Adobe_Analytics_TVOSTests.m in Sources */ = {isa = PBXBuildFile; fileRef = EAEE78DF242934750071E702 /* Segment_Adobe_Analytics_TVOSTests.m */; };
		EAEE78EB242934750071E702 /* Segment_Adobe_Analytics_TVOSUITests.m in Sources */ = {isa = PBXBuildFile; fileRef = EAEE78EA242934750071E702 /* Segment_Adobe_Analytics_TVOSUITests.m */; };
/* End PBXBuildFile section */

/* Begin PBXContainerItemProxy section */
		6003F5B3195388D20070C39A /* PBXContainerItemProxy */ = {
			isa = PBXContainerItemProxy;
			containerPortal = 6003F582195388D10070C39A /* Project object */;
			proxyType = 1;
			remoteGlobalIDString = 6003F589195388D20070C39A;
			remoteInfo = "Segment-Adobe-Analytics";
		};
		EAEE78DC242934750071E702 /* PBXContainerItemProxy */ = {
			isa = PBXContainerItemProxy;
			containerPortal = 6003F582195388D10070C39A /* Project object */;
			proxyType = 1;
			remoteGlobalIDString = EAEE78C3242934740071E702;
			remoteInfo = "Segment-Adobe-Analytics_TVOS";
		};
		EAEE78E7242934750071E702 /* PBXContainerItemProxy */ = {
			isa = PBXContainerItemProxy;
			containerPortal = 6003F582195388D10070C39A /* Project object */;
			proxyType = 1;
			remoteGlobalIDString = EAEE78C3242934740071E702;
			remoteInfo = "Segment-Adobe-Analytics_TVOS";
		};
/* End PBXContainerItemProxy section */

/* Begin PBXFileReference section */
		03108D42F9B3F734F0E744D9 /* libPods-Segment-Adobe-Analytics_Tests.a */ = {isa = PBXFileReference; explicitFileType = archive.ar; includeInIndex = 0; path = "libPods-Segment-Adobe-Analytics_Tests.a"; sourceTree = BUILT_PRODUCTS_DIR; };
		0DFCA7C25AE551722E1AA9A0 /* LICENSE */ = {isa = PBXFileReference; includeInIndex = 1; lastKnownFileType = text; name = LICENSE; path = ../LICENSE; sourceTree = "<group>"; };
		21B219C5C59858057ED8384D /* Pods-Segment-Adobe-Analytics_TVOS.release.xcconfig */ = {isa = PBXFileReference; includeInIndex = 1; lastKnownFileType = text.xcconfig; name = "Pods-Segment-Adobe-Analytics_TVOS.release.xcconfig"; path = "Pods/Target Support Files/Pods-Segment-Adobe-Analytics_TVOS/Pods-Segment-Adobe-Analytics_TVOS.release.xcconfig"; sourceTree = "<group>"; };
		3339EE10D97DBF9AF8E1109F /* README.md */ = {isa = PBXFileReference; includeInIndex = 1; lastKnownFileType = net.daringfireball.markdown; name = README.md; path = ../README.md; sourceTree = "<group>"; };
		43B578454AE72BAA6CB34FB6 /* libPods-Segment-Adobe-Analytics_Example.a */ = {isa = PBXFileReference; explicitFileType = archive.ar; includeInIndex = 0; path = "libPods-Segment-Adobe-Analytics_Example.a"; sourceTree = BUILT_PRODUCTS_DIR; };
		589428CB55A1F8A3818A9CF5 /* Segment-Adobe-Analytics.podspec */ = {isa = PBXFileReference; includeInIndex = 1; lastKnownFileType = text; name = "Segment-Adobe-Analytics.podspec"; path = "../Segment-Adobe-Analytics.podspec"; sourceTree = "<group>"; };
		5E5F710DF340B64E7CB3BB5D /* Pods-Segment-Adobe-Analytics_Tests.debug.xcconfig */ = {isa = PBXFileReference; includeInIndex = 1; lastKnownFileType = text.xcconfig; name = "Pods-Segment-Adobe-Analytics_Tests.debug.xcconfig"; path = "Pods/Target Support Files/Pods-Segment-Adobe-Analytics_Tests/Pods-Segment-Adobe-Analytics_Tests.debug.xcconfig"; sourceTree = "<group>"; };
		6003F58A195388D20070C39A /* Segment-Adobe-Analytics_Example.app */ = {isa = PBXFileReference; explicitFileType = wrapper.application; includeInIndex = 0; path = "Segment-Adobe-Analytics_Example.app"; sourceTree = BUILT_PRODUCTS_DIR; };
		6003F58D195388D20070C39A /* Foundation.framework */ = {isa = PBXFileReference; lastKnownFileType = wrapper.framework; name = Foundation.framework; path = System/Library/Frameworks/Foundation.framework; sourceTree = SDKROOT; };
		6003F58F195388D20070C39A /* CoreGraphics.framework */ = {isa = PBXFileReference; lastKnownFileType = wrapper.framework; name = CoreGraphics.framework; path = System/Library/Frameworks/CoreGraphics.framework; sourceTree = SDKROOT; };
		6003F591195388D20070C39A /* UIKit.framework */ = {isa = PBXFileReference; lastKnownFileType = wrapper.framework; name = UIKit.framework; path = System/Library/Frameworks/UIKit.framework; sourceTree = SDKROOT; };
		6003F595195388D20070C39A /* Segment-Adobe-Analytics-Info.plist */ = {isa = PBXFileReference; lastKnownFileType = text.plist.xml; path = "Segment-Adobe-Analytics-Info.plist"; sourceTree = "<group>"; };
		6003F597195388D20070C39A /* en */ = {isa = PBXFileReference; lastKnownFileType = text.plist.strings; name = en; path = en.lproj/InfoPlist.strings; sourceTree = "<group>"; };
		6003F599195388D20070C39A /* main.m */ = {isa = PBXFileReference; lastKnownFileType = sourcecode.c.objc; path = main.m; sourceTree = "<group>"; };
		6003F59B195388D20070C39A /* Segment-Adobe-Analytics-Prefix.pch */ = {isa = PBXFileReference; lastKnownFileType = sourcecode.c.h; path = "Segment-Adobe-Analytics-Prefix.pch"; sourceTree = "<group>"; };
		6003F59C195388D20070C39A /* SEGAdobeAppDelegate.h */ = {isa = PBXFileReference; lastKnownFileType = sourcecode.c.h; path = SEGAdobeAppDelegate.h; sourceTree = "<group>"; };
		6003F59D195388D20070C39A /* SEGAdobeAppDelegate.m */ = {isa = PBXFileReference; lastKnownFileType = sourcecode.c.objc; path = SEGAdobeAppDelegate.m; sourceTree = "<group>"; };
		6003F5A5195388D20070C39A /* SEGAdobeViewController.h */ = {isa = PBXFileReference; lastKnownFileType = sourcecode.c.h; path = SEGAdobeViewController.h; sourceTree = "<group>"; };
		6003F5A6195388D20070C39A /* SEGAdobeViewController.m */ = {isa = PBXFileReference; lastKnownFileType = sourcecode.c.objc; path = SEGAdobeViewController.m; sourceTree = "<group>"; };
		6003F5A8195388D20070C39A /* Images.xcassets */ = {isa = PBXFileReference; lastKnownFileType = folder.assetcatalog; path = Images.xcassets; sourceTree = "<group>"; };
		6003F5AE195388D20070C39A /* Segment-Adobe-Analytics_Tests.xctest */ = {isa = PBXFileReference; explicitFileType = wrapper.cfbundle; includeInIndex = 0; path = "Segment-Adobe-Analytics_Tests.xctest"; sourceTree = BUILT_PRODUCTS_DIR; };
		6003F5AF195388D20070C39A /* XCTest.framework */ = {isa = PBXFileReference; lastKnownFileType = wrapper.framework; name = XCTest.framework; path = Library/Frameworks/XCTest.framework; sourceTree = DEVELOPER_DIR; };
		6003F5B7195388D20070C39A /* Tests-Info.plist */ = {isa = PBXFileReference; lastKnownFileType = text.plist.xml; path = "Tests-Info.plist"; sourceTree = "<group>"; };
		6003F5B9195388D20070C39A /* en */ = {isa = PBXFileReference; lastKnownFileType = text.plist.strings; name = en; path = en.lproj/InfoPlist.strings; sourceTree = "<group>"; };
		6003F5BB195388D20070C39A /* Tests.m */ = {isa = PBXFileReference; lastKnownFileType = sourcecode.c.objc; path = Tests.m; sourceTree = "<group>"; };
		606FC2411953D9B200FFA9A0 /* Tests-Prefix.pch */ = {isa = PBXFileReference; lastKnownFileType = sourcecode.c.h; path = "Tests-Prefix.pch"; sourceTree = "<group>"; };
		6E0E12A31FD67EB700279C0B /* libVideoHeartbeat.a */ = {isa = PBXFileReference; lastKnownFileType = archive.ar; name = libVideoHeartbeat.a; path = ../Pod/libs/libVideoHeartbeat.a; sourceTree = "<group>"; };
		71719F9E1E33DC2100824A3D /* Base */ = {isa = PBXFileReference; lastKnownFileType = file.storyboard; name = Base; path = Base.lproj/LaunchScreen.storyboard; sourceTree = "<group>"; };
		780B64A410928E6E45057E09 /* Pods-Segment-Adobe-Analytics_TVOS.debug.xcconfig */ = {isa = PBXFileReference; includeInIndex = 1; lastKnownFileType = text.xcconfig; name = "Pods-Segment-Adobe-Analytics_TVOS.debug.xcconfig"; path = "Pods/Target Support Files/Pods-Segment-Adobe-Analytics_TVOS/Pods-Segment-Adobe-Analytics_TVOS.debug.xcconfig"; sourceTree = "<group>"; };
		873B8AEA1B1F5CCA007FD442 /* Main.storyboard */ = {isa = PBXFileReference; fileEncoding = 4; lastKnownFileType = file.storyboard; name = Main.storyboard; path = Base.lproj/Main.storyboard; sourceTree = "<group>"; };
		956FC5871FB4D483003028A2 /* ADBMobileConfig.json */ = {isa = PBXFileReference; lastKnownFileType = text.json; path = ADBMobileConfig.json; sourceTree = "<group>"; };
		956FC58D1FB4D502003028A2 /* SystemConfiguration.framework */ = {isa = PBXFileReference; lastKnownFileType = wrapper.framework; name = SystemConfiguration.framework; path = System/Library/Frameworks/SystemConfiguration.framework; sourceTree = SDKROOT; };
		956FC58F1FB4D50B003028A2 /* libsqlite3.0.tbd */ = {isa = PBXFileReference; lastKnownFileType = "sourcecode.text-based-dylib-definition"; name = libsqlite3.0.tbd; path = usr/lib/libsqlite3.0.tbd; sourceTree = SDKROOT; };
		A7CE40B348129B35230E6116 /* libPods-Segment-Adobe-Analytics_TVOS.a */ = {isa = PBXFileReference; explicitFileType = archive.ar; includeInIndex = 0; path = "libPods-Segment-Adobe-Analytics_TVOS.a"; sourceTree = BUILT_PRODUCTS_DIR; };
		D7A0A51A9D07415B1B95EB09 /* Pods-Segment-Adobe-Analytics_Tests.release.xcconfig */ = {isa = PBXFileReference; includeInIndex = 1; lastKnownFileType = text.xcconfig; name = "Pods-Segment-Adobe-Analytics_Tests.release.xcconfig"; path = "Pods/Target Support Files/Pods-Segment-Adobe-Analytics_Tests/Pods-Segment-Adobe-Analytics_Tests.release.xcconfig"; sourceTree = "<group>"; };
		EA67397C243BB20300F6AA49 /* ADBMobileConfig.json */ = {isa = PBXFileReference; fileEncoding = 4; lastKnownFileType = text.json; name = ADBMobileConfig.json; path = ../../../../../../../Downloads/ADBMobileConfig.json; sourceTree = "<group>"; };
		EA67397F243BB29D00F6AA49 /* ADBMobileConfig.json */ = {isa = PBXFileReference; fileEncoding = 4; lastKnownFileType = text.json; name = ADBMobileConfig.json; path = ../../../../../../../Downloads/ADBMobileConfig.json; sourceTree = "<group>"; };
		EAEE78C4242934740071E702 /* Segment-Adobe-Analytics_TVOS.app */ = {isa = PBXFileReference; explicitFileType = wrapper.application; includeInIndex = 0; path = "Segment-Adobe-Analytics_TVOS.app"; sourceTree = BUILT_PRODUCTS_DIR; };
		EAEE78C6242934740071E702 /* AppDelegate.h */ = {isa = PBXFileReference; lastKnownFileType = sourcecode.c.h; path = AppDelegate.h; sourceTree = "<group>"; };
		EAEE78C7242934740071E702 /* AppDelegate.m */ = {isa = PBXFileReference; lastKnownFileType = sourcecode.c.objc; path = AppDelegate.m; sourceTree = "<group>"; };
		EAEE78C9242934740071E702 /* ViewController.h */ = {isa = PBXFileReference; lastKnownFileType = sourcecode.c.h; path = ViewController.h; sourceTree = "<group>"; };
		EAEE78CA242934740071E702 /* ViewController.m */ = {isa = PBXFileReference; lastKnownFileType = sourcecode.c.objc; path = ViewController.m; sourceTree = "<group>"; };
		EAEE78CD242934740071E702 /* Base */ = {isa = PBXFileReference; lastKnownFileType = file.storyboard; name = Base; path = Base.lproj/Main.storyboard; sourceTree = "<group>"; };
		EAEE78CF242934750071E702 /* Assets.xcassets */ = {isa = PBXFileReference; lastKnownFileType = folder.assetcatalog; path = Assets.xcassets; sourceTree = "<group>"; };
		EAEE78D2242934750071E702 /* Base */ = {isa = PBXFileReference; lastKnownFileType = file.storyboard; name = Base; path = Base.lproj/LaunchScreen.storyboard; sourceTree = "<group>"; };
		EAEE78D4242934750071E702 /* Info.plist */ = {isa = PBXFileReference; lastKnownFileType = text.plist.xml; path = Info.plist; sourceTree = "<group>"; };
		EAEE78D5242934750071E702 /* main.m */ = {isa = PBXFileReference; lastKnownFileType = sourcecode.c.objc; path = main.m; sourceTree = "<group>"; };
		EAEE78DB242934750071E702 /* Segment-Adobe-Analytics_TVOSTests.xctest */ = {isa = PBXFileReference; explicitFileType = wrapper.cfbundle; includeInIndex = 0; path = "Segment-Adobe-Analytics_TVOSTests.xctest"; sourceTree = BUILT_PRODUCTS_DIR; };
		EAEE78DF242934750071E702 /* Segment_Adobe_Analytics_TVOSTests.m */ = {isa = PBXFileReference; lastKnownFileType = sourcecode.c.objc; path = Segment_Adobe_Analytics_TVOSTests.m; sourceTree = "<group>"; };
		EAEE78E1242934750071E702 /* Info.plist */ = {isa = PBXFileReference; lastKnownFileType = text.plist.xml; path = Info.plist; sourceTree = "<group>"; };
		EAEE78E6242934750071E702 /* Segment-Adobe-Analytics_TVOSUITests.xctest */ = {isa = PBXFileReference; explicitFileType = wrapper.cfbundle; includeInIndex = 0; path = "Segment-Adobe-Analytics_TVOSUITests.xctest"; sourceTree = BUILT_PRODUCTS_DIR; };
		EAEE78EA242934750071E702 /* Segment_Adobe_Analytics_TVOSUITests.m */ = {isa = PBXFileReference; lastKnownFileType = sourcecode.c.objc; path = Segment_Adobe_Analytics_TVOSUITests.m; sourceTree = "<group>"; };
		EAEE78EC242934750071E702 /* Info.plist */ = {isa = PBXFileReference; lastKnownFileType = text.plist.xml; path = Info.plist; sourceTree = "<group>"; };
		EBD044B3E28D5A164459D703 /* Pods-Segment-Adobe-Analytics_Example.debug.xcconfig */ = {isa = PBXFileReference; includeInIndex = 1; lastKnownFileType = text.xcconfig; name = "Pods-Segment-Adobe-Analytics_Example.debug.xcconfig"; path = "Pods/Target Support Files/Pods-Segment-Adobe-Analytics_Example/Pods-Segment-Adobe-Analytics_Example.debug.xcconfig"; sourceTree = "<group>"; };
		F5AEDAB8513E5B93AFA4DBBB /* Pods-Segment-Adobe-Analytics_Example.release.xcconfig */ = {isa = PBXFileReference; includeInIndex = 1; lastKnownFileType = text.xcconfig; name = "Pods-Segment-Adobe-Analytics_Example.release.xcconfig"; path = "Pods/Target Support Files/Pods-Segment-Adobe-Analytics_Example/Pods-Segment-Adobe-Analytics_Example.release.xcconfig"; sourceTree = "<group>"; };
/* End PBXFileReference section */

/* Begin PBXFrameworksBuildPhase section */
		6003F587195388D20070C39A /* Frameworks */ = {
			isa = PBXFrameworksBuildPhase;
			buildActionMask = 2147483647;
			files = (
				956FC5901FB4D50B003028A2 /* libsqlite3.0.tbd in Frameworks */,
				956FC58E1FB4D502003028A2 /* SystemConfiguration.framework in Frameworks */,
				6003F590195388D20070C39A /* CoreGraphics.framework in Frameworks */,
				6003F592195388D20070C39A /* UIKit.framework in Frameworks */,
				6003F58E195388D20070C39A /* Foundation.framework in Frameworks */,
				1A558AFA1D02C9374645EF30 /* libPods-Segment-Adobe-Analytics_Example.a in Frameworks */,
			);
			runOnlyForDeploymentPostprocessing = 0;
		};
		6003F5AB195388D20070C39A /* Frameworks */ = {
			isa = PBXFrameworksBuildPhase;
			buildActionMask = 2147483647;
			files = (
				6003F5B0195388D20070C39A /* XCTest.framework in Frameworks */,
				6003F5B2195388D20070C39A /* UIKit.framework in Frameworks */,
				6003F5B1195388D20070C39A /* Foundation.framework in Frameworks */,
				6B5278193005A8CBCF8B1BDF /* libPods-Segment-Adobe-Analytics_Tests.a in Frameworks */,
			);
			runOnlyForDeploymentPostprocessing = 0;
		};
		EAEE78C1242934740071E702 /* Frameworks */ = {
			isa = PBXFrameworksBuildPhase;
			buildActionMask = 2147483647;
			files = (
				20AB739D11DCB0C5790723FE /* libPods-Segment-Adobe-Analytics_TVOS.a in Frameworks */,
			);
			runOnlyForDeploymentPostprocessing = 0;
		};
		EAEE78D8242934750071E702 /* Frameworks */ = {
			isa = PBXFrameworksBuildPhase;
			buildActionMask = 2147483647;
			files = (
			);
			runOnlyForDeploymentPostprocessing = 0;
		};
		EAEE78E3242934750071E702 /* Frameworks */ = {
			isa = PBXFrameworksBuildPhase;
			buildActionMask = 2147483647;
			files = (
			);
			runOnlyForDeploymentPostprocessing = 0;
		};
/* End PBXFrameworksBuildPhase section */

/* Begin PBXGroup section */
		310DB1579C6FE5D0544E1F94 /* Pods */ = {
			isa = PBXGroup;
			children = (
				EBD044B3E28D5A164459D703 /* Pods-Segment-Adobe-Analytics_Example.debug.xcconfig */,
				F5AEDAB8513E5B93AFA4DBBB /* Pods-Segment-Adobe-Analytics_Example.release.xcconfig */,
				5E5F710DF340B64E7CB3BB5D /* Pods-Segment-Adobe-Analytics_Tests.debug.xcconfig */,
				D7A0A51A9D07415B1B95EB09 /* Pods-Segment-Adobe-Analytics_Tests.release.xcconfig */,
				780B64A410928E6E45057E09 /* Pods-Segment-Adobe-Analytics_TVOS.debug.xcconfig */,
				21B219C5C59858057ED8384D /* Pods-Segment-Adobe-Analytics_TVOS.release.xcconfig */,
			);
			name = Pods;
			sourceTree = "<group>";
		};
		6003F581195388D10070C39A = {
			isa = PBXGroup;
			children = (
				956FC5851FB4D483003028A2 /* AdobeMobileLibrary */,
				60FF7A9C1954A5C5007DD14C /* Podspec Metadata */,
				6003F593195388D20070C39A /* Example for Segment-Adobe-Analytics */,
				6003F5B5195388D20070C39A /* Tests */,
				EAEE78C5242934740071E702 /* Segment-Adobe-Analytics_TVOS */,
				EAEE78DE242934750071E702 /* Segment-Adobe-Analytics_TVOSTests */,
				EAEE78E9242934750071E702 /* Segment-Adobe-Analytics_TVOSUITests */,
				6003F58C195388D20070C39A /* Frameworks */,
				6003F58B195388D20070C39A /* Products */,
				310DB1579C6FE5D0544E1F94 /* Pods */,
			);
			sourceTree = "<group>";
		};
		6003F58B195388D20070C39A /* Products */ = {
			isa = PBXGroup;
			children = (
				6003F58A195388D20070C39A /* Segment-Adobe-Analytics_Example.app */,
				6003F5AE195388D20070C39A /* Segment-Adobe-Analytics_Tests.xctest */,
				EAEE78C4242934740071E702 /* Segment-Adobe-Analytics_TVOS.app */,
				EAEE78DB242934750071E702 /* Segment-Adobe-Analytics_TVOSTests.xctest */,
				EAEE78E6242934750071E702 /* Segment-Adobe-Analytics_TVOSUITests.xctest */,
			);
			name = Products;
			sourceTree = "<group>";
		};
		6003F58C195388D20070C39A /* Frameworks */ = {
			isa = PBXGroup;
			children = (
				6E0E12A31FD67EB700279C0B /* libVideoHeartbeat.a */,
				952A69551FD3DA4F0016E7F3 /* Headers */,
				956FC58F1FB4D50B003028A2 /* libsqlite3.0.tbd */,
				956FC58D1FB4D502003028A2 /* SystemConfiguration.framework */,
				6003F58D195388D20070C39A /* Foundation.framework */,
				6003F58F195388D20070C39A /* CoreGraphics.framework */,
				6003F591195388D20070C39A /* UIKit.framework */,
				6003F5AF195388D20070C39A /* XCTest.framework */,
				43B578454AE72BAA6CB34FB6 /* libPods-Segment-Adobe-Analytics_Example.a */,
				03108D42F9B3F734F0E744D9 /* libPods-Segment-Adobe-Analytics_Tests.a */,
				A7CE40B348129B35230E6116 /* libPods-Segment-Adobe-Analytics_TVOS.a */,
			);
			name = Frameworks;
			sourceTree = "<group>";
		};
		6003F593195388D20070C39A /* Example for Segment-Adobe-Analytics */ = {
			isa = PBXGroup;
			children = (
				EA67397C243BB20300F6AA49 /* ADBMobileConfig.json */,
				6003F59C195388D20070C39A /* SEGAdobeAppDelegate.h */,
				6003F59D195388D20070C39A /* SEGAdobeAppDelegate.m */,
				873B8AEA1B1F5CCA007FD442 /* Main.storyboard */,
				6003F5A5195388D20070C39A /* SEGAdobeViewController.h */,
				6003F5A6195388D20070C39A /* SEGAdobeViewController.m */,
				71719F9D1E33DC2100824A3D /* LaunchScreen.storyboard */,
				6003F5A8195388D20070C39A /* Images.xcassets */,
				6003F594195388D20070C39A /* Supporting Files */,
			);
			name = "Example for Segment-Adobe-Analytics";
			path = "Segment-Adobe-Analytics";
			sourceTree = "<group>";
		};
		6003F594195388D20070C39A /* Supporting Files */ = {
			isa = PBXGroup;
			children = (
				6003F595195388D20070C39A /* Segment-Adobe-Analytics-Info.plist */,
				6003F596195388D20070C39A /* InfoPlist.strings */,
				6003F599195388D20070C39A /* main.m */,
				6003F59B195388D20070C39A /* Segment-Adobe-Analytics-Prefix.pch */,
			);
			name = "Supporting Files";
			sourceTree = "<group>";
		};
		6003F5B5195388D20070C39A /* Tests */ = {
			isa = PBXGroup;
			children = (
				6003F5BB195388D20070C39A /* Tests.m */,
				6003F5B6195388D20070C39A /* Supporting Files */,
			);
			path = Tests;
			sourceTree = "<group>";
		};
		6003F5B6195388D20070C39A /* Supporting Files */ = {
			isa = PBXGroup;
			children = (
				6003F5B7195388D20070C39A /* Tests-Info.plist */,
				6003F5B8195388D20070C39A /* InfoPlist.strings */,
				606FC2411953D9B200FFA9A0 /* Tests-Prefix.pch */,
			);
			name = "Supporting Files";
			sourceTree = "<group>";
		};
		60FF7A9C1954A5C5007DD14C /* Podspec Metadata */ = {
			isa = PBXGroup;
			children = (
				589428CB55A1F8A3818A9CF5 /* Segment-Adobe-Analytics.podspec */,
				3339EE10D97DBF9AF8E1109F /* README.md */,
				0DFCA7C25AE551722E1AA9A0 /* LICENSE */,
			);
			name = "Podspec Metadata";
			sourceTree = "<group>";
		};
		952A69551FD3DA4F0016E7F3 /* Headers */ = {
			isa = PBXGroup;
			children = (
			);
			name = Headers;
			path = ../Pod/libs/Headers;
			sourceTree = "<group>";
		};
		956FC5851FB4D483003028A2 /* AdobeMobileLibrary */ = {
			isa = PBXGroup;
			children = (
				956FC5871FB4D483003028A2 /* ADBMobileConfig.json */,
			);
			name = AdobeMobileLibrary;
			path = "../../../../../../Downloads/iOS Test_iOS-4.14.1/AdobeMobileLibrary";
			sourceTree = "<group>";
		};
		EAEE78C5242934740071E702 /* Segment-Adobe-Analytics_TVOS */ = {
			isa = PBXGroup;
			children = (
				EAEE78C6242934740071E702 /* AppDelegate.h */,
				EA67397F243BB29D00F6AA49 /* ADBMobileConfig.json */,
				EAEE78C7242934740071E702 /* AppDelegate.m */,
				EAEE78C9242934740071E702 /* ViewController.h */,
				EAEE78CA242934740071E702 /* ViewController.m */,
				EAEE78CC242934740071E702 /* Main.storyboard */,
				EAEE78CF242934750071E702 /* Assets.xcassets */,
				EAEE78D1242934750071E702 /* LaunchScreen.storyboard */,
				EAEE78D4242934750071E702 /* Info.plist */,
				EAEE78D5242934750071E702 /* main.m */,
			);
			path = "Segment-Adobe-Analytics_TVOS";
			sourceTree = "<group>";
		};
		EAEE78DE242934750071E702 /* Segment-Adobe-Analytics_TVOSTests */ = {
			isa = PBXGroup;
			children = (
				EAEE78DF242934750071E702 /* Segment_Adobe_Analytics_TVOSTests.m */,
				EAEE78E1242934750071E702 /* Info.plist */,
			);
			path = "Segment-Adobe-Analytics_TVOSTests";
			sourceTree = "<group>";
		};
		EAEE78E9242934750071E702 /* Segment-Adobe-Analytics_TVOSUITests */ = {
			isa = PBXGroup;
			children = (
				EAEE78EA242934750071E702 /* Segment_Adobe_Analytics_TVOSUITests.m */,
				EAEE78EC242934750071E702 /* Info.plist */,
			);
			path = "Segment-Adobe-Analytics_TVOSUITests";
			sourceTree = "<group>";
		};
/* End PBXGroup section */

/* Begin PBXNativeTarget section */
		6003F589195388D20070C39A /* Segment-Adobe-Analytics_Example */ = {
			isa = PBXNativeTarget;
			buildConfigurationList = 6003F5BF195388D20070C39A /* Build configuration list for PBXNativeTarget "Segment-Adobe-Analytics_Example" */;
			buildPhases = (
				CEFCC812E14BB1B7BF6045F4 /* [CP] Check Pods Manifest.lock */,
				6003F586195388D20070C39A /* Sources */,
				6003F587195388D20070C39A /* Frameworks */,
				6003F588195388D20070C39A /* Resources */,
			);
			buildRules = (
			);
			dependencies = (
			);
			name = "Segment-Adobe-Analytics_Example";
			productName = "Segment-Adobe-Analytics";
			productReference = 6003F58A195388D20070C39A /* Segment-Adobe-Analytics_Example.app */;
			productType = "com.apple.product-type.application";
		};
		6003F5AD195388D20070C39A /* Segment-Adobe-Analytics_Tests */ = {
			isa = PBXNativeTarget;
			buildConfigurationList = 6003F5C2195388D20070C39A /* Build configuration list for PBXNativeTarget "Segment-Adobe-Analytics_Tests" */;
			buildPhases = (
				71B778036DFD9D9FF5E73827 /* [CP] Check Pods Manifest.lock */,
				6003F5AA195388D20070C39A /* Sources */,
				6003F5AB195388D20070C39A /* Frameworks */,
				6003F5AC195388D20070C39A /* Resources */,
			);
			buildRules = (
			);
			dependencies = (
				6003F5B4195388D20070C39A /* PBXTargetDependency */,
			);
			name = "Segment-Adobe-Analytics_Tests";
			productName = "Segment-Adobe-AnalyticsTests";
			productReference = 6003F5AE195388D20070C39A /* Segment-Adobe-Analytics_Tests.xctest */;
			productType = "com.apple.product-type.bundle.unit-test";
		};
		EAEE78C3242934740071E702 /* Segment-Adobe-Analytics_TVOS */ = {
			isa = PBXNativeTarget;
			buildConfigurationList = EAEE78F3242934750071E702 /* Build configuration list for PBXNativeTarget "Segment-Adobe-Analytics_TVOS" */;
			buildPhases = (
				FEFD0CBAC3370C5E9D81E6CB /* [CP] Check Pods Manifest.lock */,
				EAEE78C0242934740071E702 /* Sources */,
				EAEE78C1242934740071E702 /* Frameworks */,
				EAEE78C2242934740071E702 /* Resources */,
			);
			buildRules = (
			);
			dependencies = (
			);
			name = "Segment-Adobe-Analytics_TVOS";
			productName = "Segment-Adobe-Analytics_TVOS";
			productReference = EAEE78C4242934740071E702 /* Segment-Adobe-Analytics_TVOS.app */;
			productType = "com.apple.product-type.application";
		};
		EAEE78DA242934750071E702 /* Segment-Adobe-Analytics_TVOSTests */ = {
			isa = PBXNativeTarget;
			buildConfigurationList = EAEE78F4242934750071E702 /* Build configuration list for PBXNativeTarget "Segment-Adobe-Analytics_TVOSTests" */;
			buildPhases = (
				EAEE78D7242934750071E702 /* Sources */,
				EAEE78D8242934750071E702 /* Frameworks */,
				EAEE78D9242934750071E702 /* Resources */,
			);
			buildRules = (
			);
			dependencies = (
				EAEE78DD242934750071E702 /* PBXTargetDependency */,
			);
			name = "Segment-Adobe-Analytics_TVOSTests";
			productName = "Segment-Adobe-Analytics_TVOSTests";
			productReference = EAEE78DB242934750071E702 /* Segment-Adobe-Analytics_TVOSTests.xctest */;
			productType = "com.apple.product-type.bundle.unit-test";
		};
		EAEE78E5242934750071E702 /* Segment-Adobe-Analytics_TVOSUITests */ = {
			isa = PBXNativeTarget;
			buildConfigurationList = EAEE78F5242934750071E702 /* Build configuration list for PBXNativeTarget "Segment-Adobe-Analytics_TVOSUITests" */;
			buildPhases = (
				EAEE78E2242934750071E702 /* Sources */,
				EAEE78E3242934750071E702 /* Frameworks */,
				EAEE78E4242934750071E702 /* Resources */,
			);
			buildRules = (
			);
			dependencies = (
				EAEE78E8242934750071E702 /* PBXTargetDependency */,
			);
			name = "Segment-Adobe-Analytics_TVOSUITests";
			productName = "Segment-Adobe-Analytics_TVOSUITests";
			productReference = EAEE78E6242934750071E702 /* Segment-Adobe-Analytics_TVOSUITests.xctest */;
			productType = "com.apple.product-type.bundle.ui-testing";
		};
/* End PBXNativeTarget section */

/* Begin PBXProject section */
		6003F582195388D10070C39A /* Project object */ = {
			isa = PBXProject;
			attributes = {
				CLASSPREFIX = SEGAdobe;
				LastUpgradeCheck = 0720;
				ORGANIZATIONNAME = ladanazita;
				TargetAttributes = {
					6003F5AD195388D20070C39A = {
						TestTargetID = 6003F589195388D20070C39A;
					};
					EAEE78C3242934740071E702 = {
						CreatedOnToolsVersion = 11.3.1;
						ProvisioningStyle = Automatic;
					};
					EAEE78DA242934750071E702 = {
						CreatedOnToolsVersion = 11.3.1;
						ProvisioningStyle = Automatic;
						TestTargetID = EAEE78C3242934740071E702;
					};
					EAEE78E5242934750071E702 = {
						CreatedOnToolsVersion = 11.3.1;
						ProvisioningStyle = Automatic;
						TestTargetID = EAEE78C3242934740071E702;
					};
				};
			};
			buildConfigurationList = 6003F585195388D10070C39A /* Build configuration list for PBXProject "Segment-Adobe-Analytics" */;
			compatibilityVersion = "Xcode 3.2";
			developmentRegion = English;
			hasScannedForEncodings = 0;
			knownRegions = (
				English,
				en,
				Base,
			);
			mainGroup = 6003F581195388D10070C39A;
			productRefGroup = 6003F58B195388D20070C39A /* Products */;
			projectDirPath = "";
			projectRoot = "";
			targets = (
				6003F589195388D20070C39A /* Segment-Adobe-Analytics_Example */,
				6003F5AD195388D20070C39A /* Segment-Adobe-Analytics_Tests */,
				EAEE78C3242934740071E702 /* Segment-Adobe-Analytics_TVOS */,
				EAEE78DA242934750071E702 /* Segment-Adobe-Analytics_TVOSTests */,
				EAEE78E5242934750071E702 /* Segment-Adobe-Analytics_TVOSUITests */,
			);
		};
/* End PBXProject section */

/* Begin PBXResourcesBuildPhase section */
		6003F588195388D20070C39A /* Resources */ = {
			isa = PBXResourcesBuildPhase;
			buildActionMask = 2147483647;
			files = (
				873B8AEB1B1F5CCA007FD442 /* Main.storyboard in Resources */,
				EA673980243BB29D00F6AA49 /* ADBMobileConfig.json in Resources */,
				71719F9F1E33DC2100824A3D /* LaunchScreen.storyboard in Resources */,
				6003F5A9195388D20070C39A /* Images.xcassets in Resources */,
				6003F598195388D20070C39A /* InfoPlist.strings in Resources */,
				EA67397D243BB20300F6AA49 /* ADBMobileConfig.json in Resources */,
			);
			runOnlyForDeploymentPostprocessing = 0;
		};
		6003F5AC195388D20070C39A /* Resources */ = {
			isa = PBXResourcesBuildPhase;
			buildActionMask = 2147483647;
			files = (
				6003F5BA195388D20070C39A /* InfoPlist.strings in Resources */,
			);
			runOnlyForDeploymentPostprocessing = 0;
		};
		EAEE78C2242934740071E702 /* Resources */ = {
			isa = PBXResourcesBuildPhase;
			buildActionMask = 2147483647;
			files = (
				EAEE78D3242934750071E702 /* LaunchScreen.storyboard in Resources */,
				EA67397E243BB20300F6AA49 /* ADBMobileConfig.json in Resources */,
				EAEE78D0242934750071E702 /* Assets.xcassets in Resources */,
				EAEE78CE242934740071E702 /* Main.storyboard in Resources */,
				EA673981243BB29D00F6AA49 /* ADBMobileConfig.json in Resources */,
			);
			runOnlyForDeploymentPostprocessing = 0;
		};
		EAEE78D9242934750071E702 /* Resources */ = {
			isa = PBXResourcesBuildPhase;
			buildActionMask = 2147483647;
			files = (
			);
			runOnlyForDeploymentPostprocessing = 0;
		};
		EAEE78E4242934750071E702 /* Resources */ = {
			isa = PBXResourcesBuildPhase;
			buildActionMask = 2147483647;
			files = (
			);
			runOnlyForDeploymentPostprocessing = 0;
		};
/* End PBXResourcesBuildPhase section */

/* Begin PBXShellScriptBuildPhase section */
		71B778036DFD9D9FF5E73827 /* [CP] Check Pods Manifest.lock */ = {
			isa = PBXShellScriptBuildPhase;
			buildActionMask = 2147483647;
			files = (
			);
			inputPaths = (
				"${PODS_PODFILE_DIR_PATH}/Podfile.lock",
				"${PODS_ROOT}/Manifest.lock",
			);
			name = "[CP] Check Pods Manifest.lock";
			outputPaths = (
				"$(DERIVED_FILE_DIR)/Pods-Segment-Adobe-Analytics_Tests-checkManifestLockResult.txt",
			);
			runOnlyForDeploymentPostprocessing = 0;
			shellPath = /bin/sh;
			shellScript = "diff \"${PODS_PODFILE_DIR_PATH}/Podfile.lock\" \"${PODS_ROOT}/Manifest.lock\" > /dev/null\nif [ $? != 0 ] ; then\n    # print error to STDERR\n    echo \"error: The sandbox is not in sync with the Podfile.lock. Run 'pod install' or update your CocoaPods installation.\" >&2\n    exit 1\nfi\n# This output is used by Xcode 'outputs' to avoid re-running this script phase.\necho \"SUCCESS\" > \"${SCRIPT_OUTPUT_FILE_0}\"\n";
			showEnvVarsInLog = 0;
		};
		CEFCC812E14BB1B7BF6045F4 /* [CP] Check Pods Manifest.lock */ = {
			isa = PBXShellScriptBuildPhase;
			buildActionMask = 2147483647;
			files = (
			);
			inputPaths = (
				"${PODS_PODFILE_DIR_PATH}/Podfile.lock",
				"${PODS_ROOT}/Manifest.lock",
			);
			name = "[CP] Check Pods Manifest.lock";
			outputPaths = (
				"$(DERIVED_FILE_DIR)/Pods-Segment-Adobe-Analytics_Example-checkManifestLockResult.txt",
			);
			runOnlyForDeploymentPostprocessing = 0;
			shellPath = /bin/sh;
			shellScript = "diff \"${PODS_PODFILE_DIR_PATH}/Podfile.lock\" \"${PODS_ROOT}/Manifest.lock\" > /dev/null\nif [ $? != 0 ] ; then\n    # print error to STDERR\n    echo \"error: The sandbox is not in sync with the Podfile.lock. Run 'pod install' or update your CocoaPods installation.\" >&2\n    exit 1\nfi\n# This output is used by Xcode 'outputs' to avoid re-running this script phase.\necho \"SUCCESS\" > \"${SCRIPT_OUTPUT_FILE_0}\"\n";
			showEnvVarsInLog = 0;
		};
		FEFD0CBAC3370C5E9D81E6CB /* [CP] Check Pods Manifest.lock */ = {
			isa = PBXShellScriptBuildPhase;
			buildActionMask = 2147483647;
			files = (
			);
			inputFileListPaths = (
			);
			inputPaths = (
				"${PODS_PODFILE_DIR_PATH}/Podfile.lock",
				"${PODS_ROOT}/Manifest.lock",
			);
			name = "[CP] Check Pods Manifest.lock";
			outputFileListPaths = (
			);
			outputPaths = (
				"$(DERIVED_FILE_DIR)/Pods-Segment-Adobe-Analytics_TVOS-checkManifestLockResult.txt",
			);
			runOnlyForDeploymentPostprocessing = 0;
			shellPath = /bin/sh;
			shellScript = "diff \"${PODS_PODFILE_DIR_PATH}/Podfile.lock\" \"${PODS_ROOT}/Manifest.lock\" > /dev/null\nif [ $? != 0 ] ; then\n    # print error to STDERR\n    echo \"error: The sandbox is not in sync with the Podfile.lock. Run 'pod install' or update your CocoaPods installation.\" >&2\n    exit 1\nfi\n# This output is used by Xcode 'outputs' to avoid re-running this script phase.\necho \"SUCCESS\" > \"${SCRIPT_OUTPUT_FILE_0}\"\n";
			showEnvVarsInLog = 0;
		};
/* End PBXShellScriptBuildPhase section */

/* Begin PBXSourcesBuildPhase section */
		6003F586195388D20070C39A /* Sources */ = {
			isa = PBXSourcesBuildPhase;
			buildActionMask = 2147483647;
			files = (
				6003F59E195388D20070C39A /* SEGAdobeAppDelegate.m in Sources */,
				6003F5A7195388D20070C39A /* SEGAdobeViewController.m in Sources */,
				6003F59A195388D20070C39A /* main.m in Sources */,
			);
			runOnlyForDeploymentPostprocessing = 0;
		};
		6003F5AA195388D20070C39A /* Sources */ = {
			isa = PBXSourcesBuildPhase;
			buildActionMask = 2147483647;
			files = (
				6003F5BC195388D20070C39A /* Tests.m in Sources */,
			);
			runOnlyForDeploymentPostprocessing = 0;
		};
		EAEE78C0242934740071E702 /* Sources */ = {
			isa = PBXSourcesBuildPhase;
			buildActionMask = 2147483647;
			files = (
				EAEE78CB242934740071E702 /* ViewController.m in Sources */,
				EAEE78D6242934750071E702 /* main.m in Sources */,
				EAEE78C8242934740071E702 /* AppDelegate.m in Sources */,
			);
			runOnlyForDeploymentPostprocessing = 0;
		};
		EAEE78D7242934750071E702 /* Sources */ = {
			isa = PBXSourcesBuildPhase;
			buildActionMask = 2147483647;
			files = (
				EAEE78E0242934750071E702 /* Segment_Adobe_Analytics_TVOSTests.m in Sources */,
			);
			runOnlyForDeploymentPostprocessing = 0;
		};
		EAEE78E2242934750071E702 /* Sources */ = {
			isa = PBXSourcesBuildPhase;
			buildActionMask = 2147483647;
			files = (
				EAEE78EB242934750071E702 /* Segment_Adobe_Analytics_TVOSUITests.m in Sources */,
			);
			runOnlyForDeploymentPostprocessing = 0;
		};
/* End PBXSourcesBuildPhase section */

/* Begin PBXTargetDependency section */
		6003F5B4195388D20070C39A /* PBXTargetDependency */ = {
			isa = PBXTargetDependency;
			target = 6003F589195388D20070C39A /* Segment-Adobe-Analytics_Example */;
			targetProxy = 6003F5B3195388D20070C39A /* PBXContainerItemProxy */;
		};
		EAEE78DD242934750071E702 /* PBXTargetDependency */ = {
			isa = PBXTargetDependency;
			target = EAEE78C3242934740071E702 /* Segment-Adobe-Analytics_TVOS */;
			targetProxy = EAEE78DC242934750071E702 /* PBXContainerItemProxy */;
		};
		EAEE78E8242934750071E702 /* PBXTargetDependency */ = {
			isa = PBXTargetDependency;
			target = EAEE78C3242934740071E702 /* Segment-Adobe-Analytics_TVOS */;
			targetProxy = EAEE78E7242934750071E702 /* PBXContainerItemProxy */;
		};
/* End PBXTargetDependency section */

/* Begin PBXVariantGroup section */
		6003F596195388D20070C39A /* InfoPlist.strings */ = {
			isa = PBXVariantGroup;
			children = (
				6003F597195388D20070C39A /* en */,
			);
			name = InfoPlist.strings;
			sourceTree = "<group>";
		};
		6003F5B8195388D20070C39A /* InfoPlist.strings */ = {
			isa = PBXVariantGroup;
			children = (
				6003F5B9195388D20070C39A /* en */,
			);
			name = InfoPlist.strings;
			sourceTree = "<group>";
		};
		71719F9D1E33DC2100824A3D /* LaunchScreen.storyboard */ = {
			isa = PBXVariantGroup;
			children = (
				71719F9E1E33DC2100824A3D /* Base */,
			);
			name = LaunchScreen.storyboard;
			sourceTree = "<group>";
		};
		EAEE78CC242934740071E702 /* Main.storyboard */ = {
			isa = PBXVariantGroup;
			children = (
				EAEE78CD242934740071E702 /* Base */,
			);
			name = Main.storyboard;
			sourceTree = "<group>";
		};
		EAEE78D1242934750071E702 /* LaunchScreen.storyboard */ = {
			isa = PBXVariantGroup;
			children = (
				EAEE78D2242934750071E702 /* Base */,
			);
			name = LaunchScreen.storyboard;
			sourceTree = "<group>";
		};
/* End PBXVariantGroup section */

/* Begin XCBuildConfiguration section */
		6003F5BD195388D20070C39A /* Debug */ = {
			isa = XCBuildConfiguration;
			buildSettings = {
				ALWAYS_SEARCH_USER_PATHS = NO;
				CLANG_CXX_LANGUAGE_STANDARD = "gnu++0x";
				CLANG_CXX_LIBRARY = "libc++";
				CLANG_ENABLE_MODULES = YES;
				CLANG_ENABLE_OBJC_ARC = YES;
				CLANG_WARN_BOOL_CONVERSION = YES;
				CLANG_WARN_CONSTANT_CONVERSION = YES;
				CLANG_WARN_DIRECT_OBJC_ISA_USAGE = YES_ERROR;
				CLANG_WARN_EMPTY_BODY = YES;
				CLANG_WARN_ENUM_CONVERSION = YES;
				CLANG_WARN_INT_CONVERSION = YES;
				CLANG_WARN_OBJC_ROOT_CLASS = YES_ERROR;
				CLANG_WARN__DUPLICATE_METHOD_MATCH = YES;
				"CODE_SIGN_IDENTITY[sdk=iphoneos*]" = "iPhone Developer";
				COPY_PHASE_STRIP = NO;
				ENABLE_TESTABILITY = YES;
				GCC_C_LANGUAGE_STANDARD = gnu99;
				GCC_DYNAMIC_NO_PIC = NO;
				GCC_OPTIMIZATION_LEVEL = 0;
				GCC_PREPROCESSOR_DEFINITIONS = (
					"DEBUG=1",
					"$(inherited)",
				);
				GCC_SYMBOLS_PRIVATE_EXTERN = NO;
				GCC_WARN_64_TO_32_BIT_CONVERSION = YES;
				GCC_WARN_ABOUT_RETURN_TYPE = YES_ERROR;
				GCC_WARN_UNDECLARED_SELECTOR = YES;
				GCC_WARN_UNINITIALIZED_AUTOS = YES_AGGRESSIVE;
				GCC_WARN_UNUSED_FUNCTION = YES;
				GCC_WARN_UNUSED_VARIABLE = YES;
				IPHONEOS_DEPLOYMENT_TARGET = 9.3;
				LIBRARY_SEARCH_PATHS = "$(inherited)";
				ONLY_ACTIVE_ARCH = YES;
				SDKROOT = iphoneos;
				TARGETED_DEVICE_FAMILY = "1,2";
			};
			name = Debug;
		};
		6003F5BE195388D20070C39A /* Release */ = {
			isa = XCBuildConfiguration;
			buildSettings = {
				ALWAYS_SEARCH_USER_PATHS = NO;
				CLANG_CXX_LANGUAGE_STANDARD = "gnu++0x";
				CLANG_CXX_LIBRARY = "libc++";
				CLANG_ENABLE_MODULES = YES;
				CLANG_ENABLE_OBJC_ARC = YES;
				CLANG_WARN_BOOL_CONVERSION = YES;
				CLANG_WARN_CONSTANT_CONVERSION = YES;
				CLANG_WARN_DIRECT_OBJC_ISA_USAGE = YES_ERROR;
				CLANG_WARN_EMPTY_BODY = YES;
				CLANG_WARN_ENUM_CONVERSION = YES;
				CLANG_WARN_INT_CONVERSION = YES;
				CLANG_WARN_OBJC_ROOT_CLASS = YES_ERROR;
				CLANG_WARN__DUPLICATE_METHOD_MATCH = YES;
				"CODE_SIGN_IDENTITY[sdk=iphoneos*]" = "iPhone Developer";
				COPY_PHASE_STRIP = YES;
				ENABLE_NS_ASSERTIONS = NO;
				GCC_C_LANGUAGE_STANDARD = gnu99;
				GCC_WARN_64_TO_32_BIT_CONVERSION = YES;
				GCC_WARN_ABOUT_RETURN_TYPE = YES_ERROR;
				GCC_WARN_UNDECLARED_SELECTOR = YES;
				GCC_WARN_UNINITIALIZED_AUTOS = YES_AGGRESSIVE;
				GCC_WARN_UNUSED_FUNCTION = YES;
				GCC_WARN_UNUSED_VARIABLE = YES;
				IPHONEOS_DEPLOYMENT_TARGET = 9.3;
				LIBRARY_SEARCH_PATHS = "$(inherited)";
				SDKROOT = iphoneos;
				TARGETED_DEVICE_FAMILY = "1,2";
				VALIDATE_PRODUCT = YES;
			};
			name = Release;
		};
		6003F5C0195388D20070C39A /* Debug */ = {
			isa = XCBuildConfiguration;
			baseConfigurationReference = EBD044B3E28D5A164459D703 /* Pods-Segment-Adobe-Analytics_Example.debug.xcconfig */;
			buildSettings = {
				ASSETCATALOG_COMPILER_APPICON_NAME = AppIcon;
				"CODE_SIGN_IDENTITY[sdk=iphoneos*]" = "";
				GCC_PRECOMPILE_PREFIX_HEADER = YES;
				GCC_PREFIX_HEADER = "Segment-Adobe-Analytics/Segment-Adobe-Analytics-Prefix.pch";
				INFOPLIST_FILE = "Segment-Adobe-Analytics/Segment-Adobe-Analytics-Info.plist";
				LIBRARY_SEARCH_PATHS = (
					"$(inherited)",
					"$(PROJECT_DIR)/AdobeMobileLibrary",
				);
				"LIBRARY_SEARCH_PATHS[arch=*]" = "$(inherited)";
				MODULE_NAME = ExampleApp;
				PRODUCT_BUNDLE_IDENTIFIER = "org.cocoapods.demo.${PRODUCT_NAME:rfc1034identifier}";
				PRODUCT_NAME = "$(TARGET_NAME)";
				WRAPPER_EXTENSION = app;
			};
			name = Debug;
		};
		6003F5C1195388D20070C39A /* Release */ = {
			isa = XCBuildConfiguration;
			baseConfigurationReference = F5AEDAB8513E5B93AFA4DBBB /* Pods-Segment-Adobe-Analytics_Example.release.xcconfig */;
			buildSettings = {
				ASSETCATALOG_COMPILER_APPICON_NAME = AppIcon;
				"CODE_SIGN_IDENTITY[sdk=iphoneos*]" = "";
				GCC_PRECOMPILE_PREFIX_HEADER = YES;
				GCC_PREFIX_HEADER = "Segment-Adobe-Analytics/Segment-Adobe-Analytics-Prefix.pch";
				INFOPLIST_FILE = "Segment-Adobe-Analytics/Segment-Adobe-Analytics-Info.plist";
				LIBRARY_SEARCH_PATHS = (
					"$(inherited)",
					"$(PROJECT_DIR)/AdobeMobileLibrary",
				);
				MODULE_NAME = ExampleApp;
				PRODUCT_BUNDLE_IDENTIFIER = "org.cocoapods.demo.${PRODUCT_NAME:rfc1034identifier}";
				PRODUCT_NAME = "$(TARGET_NAME)";
				WRAPPER_EXTENSION = app;
			};
			name = Release;
		};
		6003F5C3195388D20070C39A /* Debug */ = {
			isa = XCBuildConfiguration;
			baseConfigurationReference = 5E5F710DF340B64E7CB3BB5D /* Pods-Segment-Adobe-Analytics_Tests.debug.xcconfig */;
			buildSettings = {
				BUNDLE_LOADER = "$(TEST_HOST)";
				"CODE_SIGN_IDENTITY[sdk=iphoneos*]" = "";
				FRAMEWORK_SEARCH_PATHS = (
					"$(SDKROOT)/Developer/Library/Frameworks",
					"$(inherited)",
					"$(DEVELOPER_FRAMEWORKS_DIR)",
				);
				GCC_PRECOMPILE_PREFIX_HEADER = YES;
				GCC_PREFIX_HEADER = "Tests/Tests-Prefix.pch";
				GCC_PREPROCESSOR_DEFINITIONS = (
					"DEBUG=1",
					"$(inherited)",
				);
				INFOPLIST_FILE = "Tests/Tests-Info.plist";
				PRODUCT_BUNDLE_IDENTIFIER = "org.cocoapods.demo.${PRODUCT_NAME:rfc1034identifier}";
				PRODUCT_NAME = "$(TARGET_NAME)";
				TEST_HOST = "$(BUILT_PRODUCTS_DIR)/Segment-Adobe-Analytics_Example.app/Segment-Adobe-Analytics_Example";
				WRAPPER_EXTENSION = xctest;
			};
			name = Debug;
		};
		6003F5C4195388D20070C39A /* Release */ = {
			isa = XCBuildConfiguration;
			baseConfigurationReference = D7A0A51A9D07415B1B95EB09 /* Pods-Segment-Adobe-Analytics_Tests.release.xcconfig */;
			buildSettings = {
				BUNDLE_LOADER = "$(TEST_HOST)";
				"CODE_SIGN_IDENTITY[sdk=iphoneos*]" = "";
				FRAMEWORK_SEARCH_PATHS = (
					"$(SDKROOT)/Developer/Library/Frameworks",
					"$(inherited)",
					"$(DEVELOPER_FRAMEWORKS_DIR)",
				);
				GCC_PRECOMPILE_PREFIX_HEADER = YES;
				GCC_PREFIX_HEADER = "Tests/Tests-Prefix.pch";
				INFOPLIST_FILE = "Tests/Tests-Info.plist";
				PRODUCT_BUNDLE_IDENTIFIER = "org.cocoapods.demo.${PRODUCT_NAME:rfc1034identifier}";
				PRODUCT_NAME = "$(TARGET_NAME)";
				TEST_HOST = "$(BUILT_PRODUCTS_DIR)/Segment-Adobe-Analytics_Example.app/Segment-Adobe-Analytics_Example";
				WRAPPER_EXTENSION = xctest;
			};
			name = Release;
		};
		EAEE78ED242934750071E702 /* Debug */ = {
			isa = XCBuildConfiguration;
			baseConfigurationReference = 780B64A410928E6E45057E09 /* Pods-Segment-Adobe-Analytics_TVOS.debug.xcconfig */;
			buildSettings = {
				ASSETCATALOG_COMPILER_APPICON_NAME = "App Icon & Top Shelf Image";
				CLANG_ANALYZER_NONNULL = YES;
				CLANG_ANALYZER_NUMBER_OBJECT_CONVERSION = YES_AGGRESSIVE;
				CLANG_CXX_LANGUAGE_STANDARD = "gnu++14";
				CLANG_ENABLE_OBJC_WEAK = YES;
				CLANG_WARN_BLOCK_CAPTURE_AUTORELEASING = YES;
				CLANG_WARN_COMMA = YES;
				CLANG_WARN_DEPRECATED_OBJC_IMPLEMENTATIONS = YES;
				CLANG_WARN_DOCUMENTATION_COMMENTS = YES;
				CLANG_WARN_INFINITE_RECURSION = YES;
				CLANG_WARN_NON_LITERAL_NULL_CONVERSION = YES;
				CLANG_WARN_OBJC_IMPLICIT_RETAIN_SELF = YES;
				CLANG_WARN_OBJC_LITERAL_CONVERSION = YES;
				CLANG_WARN_RANGE_LOOP_ANALYSIS = YES;
				CLANG_WARN_STRICT_PROTOTYPES = YES;
				CLANG_WARN_SUSPICIOUS_MOVE = YES;
				CLANG_WARN_UNGUARDED_AVAILABILITY = YES_AGGRESSIVE;
				CLANG_WARN_UNREACHABLE_CODE = YES;
				CODE_SIGN_STYLE = Automatic;
				DEBUG_INFORMATION_FORMAT = dwarf;
				ENABLE_STRICT_OBJC_MSGSEND = YES;
				GCC_C_LANGUAGE_STANDARD = gnu11;
				GCC_NO_COMMON_BLOCKS = YES;
				INFOPLIST_FILE = "Segment-Adobe-Analytics_TVOS/Info.plist";
				LD_RUNPATH_SEARCH_PATHS = "$(inherited) @executable_path/Frameworks";
				MTL_ENABLE_DEBUG_INFO = INCLUDE_SOURCE;
				MTL_FAST_MATH = YES;
				PRODUCT_BUNDLE_IDENTIFIER = "Segment.Segment-Adobe-Analytics-TVOS";
				PRODUCT_NAME = "$(TARGET_NAME)";
				SDKROOT = appletvos;
				TARGETED_DEVICE_FAMILY = 3;
				TVOS_DEPLOYMENT_TARGET = 13.2;
			};
			name = Debug;
		};
		EAEE78EE242934750071E702 /* Release */ = {
			isa = XCBuildConfiguration;
			baseConfigurationReference = 21B219C5C59858057ED8384D /* Pods-Segment-Adobe-Analytics_TVOS.release.xcconfig */;
			buildSettings = {
				ASSETCATALOG_COMPILER_APPICON_NAME = "App Icon & Top Shelf Image";
				CLANG_ANALYZER_NONNULL = YES;
				CLANG_ANALYZER_NUMBER_OBJECT_CONVERSION = YES_AGGRESSIVE;
				CLANG_CXX_LANGUAGE_STANDARD = "gnu++14";
				CLANG_ENABLE_OBJC_WEAK = YES;
				CLANG_WARN_BLOCK_CAPTURE_AUTORELEASING = YES;
				CLANG_WARN_COMMA = YES;
				CLANG_WARN_DEPRECATED_OBJC_IMPLEMENTATIONS = YES;
				CLANG_WARN_DOCUMENTATION_COMMENTS = YES;
				CLANG_WARN_INFINITE_RECURSION = YES;
				CLANG_WARN_NON_LITERAL_NULL_CONVERSION = YES;
				CLANG_WARN_OBJC_IMPLICIT_RETAIN_SELF = YES;
				CLANG_WARN_OBJC_LITERAL_CONVERSION = YES;
				CLANG_WARN_RANGE_LOOP_ANALYSIS = YES;
				CLANG_WARN_STRICT_PROTOTYPES = YES;
				CLANG_WARN_SUSPICIOUS_MOVE = YES;
				CLANG_WARN_UNGUARDED_AVAILABILITY = YES_AGGRESSIVE;
				CLANG_WARN_UNREACHABLE_CODE = YES;
				CODE_SIGN_STYLE = Automatic;
				COPY_PHASE_STRIP = NO;
				DEBUG_INFORMATION_FORMAT = "dwarf-with-dsym";
				ENABLE_STRICT_OBJC_MSGSEND = YES;
				GCC_C_LANGUAGE_STANDARD = gnu11;
				GCC_NO_COMMON_BLOCKS = YES;
				INFOPLIST_FILE = "Segment-Adobe-Analytics_TVOS/Info.plist";
				LD_RUNPATH_SEARCH_PATHS = "$(inherited) @executable_path/Frameworks";
				MTL_ENABLE_DEBUG_INFO = NO;
				MTL_FAST_MATH = YES;
				PRODUCT_BUNDLE_IDENTIFIER = "Segment.Segment-Adobe-Analytics-TVOS";
				PRODUCT_NAME = "$(TARGET_NAME)";
				SDKROOT = appletvos;
				TARGETED_DEVICE_FAMILY = 3;
				TVOS_DEPLOYMENT_TARGET = 13.2;
			};
			name = Release;
		};
		EAEE78EF242934750071E702 /* Debug */ = {
			isa = XCBuildConfiguration;
			buildSettings = {
				BUNDLE_LOADER = "$(TEST_HOST)";
				CLANG_ANALYZER_NONNULL = YES;
				CLANG_ANALYZER_NUMBER_OBJECT_CONVERSION = YES_AGGRESSIVE;
				CLANG_CXX_LANGUAGE_STANDARD = "gnu++14";
				CLANG_ENABLE_OBJC_WEAK = YES;
				CLANG_WARN_BLOCK_CAPTURE_AUTORELEASING = YES;
				CLANG_WARN_COMMA = YES;
				CLANG_WARN_DEPRECATED_OBJC_IMPLEMENTATIONS = YES;
				CLANG_WARN_DOCUMENTATION_COMMENTS = YES;
				CLANG_WARN_INFINITE_RECURSION = YES;
				CLANG_WARN_NON_LITERAL_NULL_CONVERSION = YES;
				CLANG_WARN_OBJC_IMPLICIT_RETAIN_SELF = YES;
				CLANG_WARN_OBJC_LITERAL_CONVERSION = YES;
				CLANG_WARN_RANGE_LOOP_ANALYSIS = YES;
				CLANG_WARN_STRICT_PROTOTYPES = YES;
				CLANG_WARN_SUSPICIOUS_MOVE = YES;
				CLANG_WARN_UNGUARDED_AVAILABILITY = YES_AGGRESSIVE;
				CLANG_WARN_UNREACHABLE_CODE = YES;
				CODE_SIGN_STYLE = Automatic;
				DEBUG_INFORMATION_FORMAT = dwarf;
				ENABLE_STRICT_OBJC_MSGSEND = YES;
				GCC_C_LANGUAGE_STANDARD = gnu11;
				GCC_NO_COMMON_BLOCKS = YES;
				INFOPLIST_FILE = "Segment-Adobe-Analytics_TVOSTests/Info.plist";
				LD_RUNPATH_SEARCH_PATHS = "$(inherited) @executable_path/Frameworks @loader_path/Frameworks";
				MTL_ENABLE_DEBUG_INFO = INCLUDE_SOURCE;
				MTL_FAST_MATH = YES;
				PRODUCT_BUNDLE_IDENTIFIER = "Segment.Segment-Adobe-Analytics-TVOSTests";
				PRODUCT_NAME = "$(TARGET_NAME)";
				SDKROOT = appletvos;
				TARGETED_DEVICE_FAMILY = 3;
				TEST_HOST = "$(BUILT_PRODUCTS_DIR)/Segment-Adobe-Analytics_TVOS.app/Segment-Adobe-Analytics_TVOS";
				TVOS_DEPLOYMENT_TARGET = 13.2;
			};
			name = Debug;
		};
		EAEE78F0242934750071E702 /* Release */ = {
			isa = XCBuildConfiguration;
			buildSettings = {
				BUNDLE_LOADER = "$(TEST_HOST)";
				CLANG_ANALYZER_NONNULL = YES;
				CLANG_ANALYZER_NUMBER_OBJECT_CONVERSION = YES_AGGRESSIVE;
				CLANG_CXX_LANGUAGE_STANDARD = "gnu++14";
				CLANG_ENABLE_OBJC_WEAK = YES;
				CLANG_WARN_BLOCK_CAPTURE_AUTORELEASING = YES;
				CLANG_WARN_COMMA = YES;
				CLANG_WARN_DEPRECATED_OBJC_IMPLEMENTATIONS = YES;
				CLANG_WARN_DOCUMENTATION_COMMENTS = YES;
				CLANG_WARN_INFINITE_RECURSION = YES;
				CLANG_WARN_NON_LITERAL_NULL_CONVERSION = YES;
				CLANG_WARN_OBJC_IMPLICIT_RETAIN_SELF = YES;
				CLANG_WARN_OBJC_LITERAL_CONVERSION = YES;
				CLANG_WARN_RANGE_LOOP_ANALYSIS = YES;
				CLANG_WARN_STRICT_PROTOTYPES = YES;
				CLANG_WARN_SUSPICIOUS_MOVE = YES;
				CLANG_WARN_UNGUARDED_AVAILABILITY = YES_AGGRESSIVE;
				CLANG_WARN_UNREACHABLE_CODE = YES;
				CODE_SIGN_STYLE = Automatic;
				COPY_PHASE_STRIP = NO;
				DEBUG_INFORMATION_FORMAT = "dwarf-with-dsym";
				ENABLE_STRICT_OBJC_MSGSEND = YES;
				GCC_C_LANGUAGE_STANDARD = gnu11;
				GCC_NO_COMMON_BLOCKS = YES;
				INFOPLIST_FILE = "Segment-Adobe-Analytics_TVOSTests/Info.plist";
				LD_RUNPATH_SEARCH_PATHS = "$(inherited) @executable_path/Frameworks @loader_path/Frameworks";
				MTL_ENABLE_DEBUG_INFO = NO;
				MTL_FAST_MATH = YES;
				PRODUCT_BUNDLE_IDENTIFIER = "Segment.Segment-Adobe-Analytics-TVOSTests";
				PRODUCT_NAME = "$(TARGET_NAME)";
				SDKROOT = appletvos;
				TARGETED_DEVICE_FAMILY = 3;
				TEST_HOST = "$(BUILT_PRODUCTS_DIR)/Segment-Adobe-Analytics_TVOS.app/Segment-Adobe-Analytics_TVOS";
				TVOS_DEPLOYMENT_TARGET = 13.2;
			};
			name = Release;
		};
		EAEE78F1242934750071E702 /* Debug */ = {
			isa = XCBuildConfiguration;
			buildSettings = {
				CLANG_ANALYZER_NONNULL = YES;
				CLANG_ANALYZER_NUMBER_OBJECT_CONVERSION = YES_AGGRESSIVE;
				CLANG_CXX_LANGUAGE_STANDARD = "gnu++14";
				CLANG_ENABLE_OBJC_WEAK = YES;
				CLANG_WARN_BLOCK_CAPTURE_AUTORELEASING = YES;
				CLANG_WARN_COMMA = YES;
				CLANG_WARN_DEPRECATED_OBJC_IMPLEMENTATIONS = YES;
				CLANG_WARN_DOCUMENTATION_COMMENTS = YES;
				CLANG_WARN_INFINITE_RECURSION = YES;
				CLANG_WARN_NON_LITERAL_NULL_CONVERSION = YES;
				CLANG_WARN_OBJC_IMPLICIT_RETAIN_SELF = YES;
				CLANG_WARN_OBJC_LITERAL_CONVERSION = YES;
				CLANG_WARN_RANGE_LOOP_ANALYSIS = YES;
				CLANG_WARN_STRICT_PROTOTYPES = YES;
				CLANG_WARN_SUSPICIOUS_MOVE = YES;
				CLANG_WARN_UNGUARDED_AVAILABILITY = YES_AGGRESSIVE;
				CLANG_WARN_UNREACHABLE_CODE = YES;
				CODE_SIGN_STYLE = Automatic;
				DEBUG_INFORMATION_FORMAT = dwarf;
				ENABLE_STRICT_OBJC_MSGSEND = YES;
				GCC_C_LANGUAGE_STANDARD = gnu11;
				GCC_NO_COMMON_BLOCKS = YES;
				INFOPLIST_FILE = "Segment-Adobe-Analytics_TVOSUITests/Info.plist";
				LD_RUNPATH_SEARCH_PATHS = "$(inherited) @executable_path/Frameworks @loader_path/Frameworks";
				MTL_ENABLE_DEBUG_INFO = INCLUDE_SOURCE;
				MTL_FAST_MATH = YES;
				PRODUCT_BUNDLE_IDENTIFIER = "Segment.Segment-Adobe-Analytics-TVOSUITests";
				PRODUCT_NAME = "$(TARGET_NAME)";
				SDKROOT = appletvos;
				TARGETED_DEVICE_FAMILY = 3;
				TEST_TARGET_NAME = "Segment-Adobe-Analytics_TVOS";
				TVOS_DEPLOYMENT_TARGET = 13.2;
			};
			name = Debug;
		};
		EAEE78F2242934750071E702 /* Release */ = {
			isa = XCBuildConfiguration;
			buildSettings = {
				CLANG_ANALYZER_NONNULL = YES;
				CLANG_ANALYZER_NUMBER_OBJECT_CONVERSION = YES_AGGRESSIVE;
				CLANG_CXX_LANGUAGE_STANDARD = "gnu++14";
				CLANG_ENABLE_OBJC_WEAK = YES;
				CLANG_WARN_BLOCK_CAPTURE_AUTORELEASING = YES;
				CLANG_WARN_COMMA = YES;
				CLANG_WARN_DEPRECATED_OBJC_IMPLEMENTATIONS = YES;
				CLANG_WARN_DOCUMENTATION_COMMENTS = YES;
				CLANG_WARN_INFINITE_RECURSION = YES;
				CLANG_WARN_NON_LITERAL_NULL_CONVERSION = YES;
				CLANG_WARN_OBJC_IMPLICIT_RETAIN_SELF = YES;
				CLANG_WARN_OBJC_LITERAL_CONVERSION = YES;
				CLANG_WARN_RANGE_LOOP_ANALYSIS = YES;
				CLANG_WARN_STRICT_PROTOTYPES = YES;
				CLANG_WARN_SUSPICIOUS_MOVE = YES;
				CLANG_WARN_UNGUARDED_AVAILABILITY = YES_AGGRESSIVE;
				CLANG_WARN_UNREACHABLE_CODE = YES;
				CODE_SIGN_STYLE = Automatic;
				COPY_PHASE_STRIP = NO;
				DEBUG_INFORMATION_FORMAT = "dwarf-with-dsym";
				ENABLE_STRICT_OBJC_MSGSEND = YES;
				GCC_C_LANGUAGE_STANDARD = gnu11;
				GCC_NO_COMMON_BLOCKS = YES;
				INFOPLIST_FILE = "Segment-Adobe-Analytics_TVOSUITests/Info.plist";
				LD_RUNPATH_SEARCH_PATHS = "$(inherited) @executable_path/Frameworks @loader_path/Frameworks";
				MTL_ENABLE_DEBUG_INFO = NO;
				MTL_FAST_MATH = YES;
				PRODUCT_BUNDLE_IDENTIFIER = "Segment.Segment-Adobe-Analytics-TVOSUITests";
				PRODUCT_NAME = "$(TARGET_NAME)";
				SDKROOT = appletvos;
				TARGETED_DEVICE_FAMILY = 3;
				TEST_TARGET_NAME = "Segment-Adobe-Analytics_TVOS";
				TVOS_DEPLOYMENT_TARGET = 13.2;
			};
			name = Release;
		};
/* End XCBuildConfiguration section */

/* Begin XCConfigurationList section */
		6003F585195388D10070C39A /* Build configuration list for PBXProject "Segment-Adobe-Analytics" */ = {
			isa = XCConfigurationList;
			buildConfigurations = (
				6003F5BD195388D20070C39A /* Debug */,
				6003F5BE195388D20070C39A /* Release */,
			);
			defaultConfigurationIsVisible = 0;
			defaultConfigurationName = Release;
		};
		6003F5BF195388D20070C39A /* Build configuration list for PBXNativeTarget "Segment-Adobe-Analytics_Example" */ = {
			isa = XCConfigurationList;
			buildConfigurations = (
				6003F5C0195388D20070C39A /* Debug */,
				6003F5C1195388D20070C39A /* Release */,
			);
			defaultConfigurationIsVisible = 0;
			defaultConfigurationName = Release;
		};
		6003F5C2195388D20070C39A /* Build configuration list for PBXNativeTarget "Segment-Adobe-Analytics_Tests" */ = {
			isa = XCConfigurationList;
			buildConfigurations = (
				6003F5C3195388D20070C39A /* Debug */,
				6003F5C4195388D20070C39A /* Release */,
			);
			defaultConfigurationIsVisible = 0;
			defaultConfigurationName = Release;
		};
		EAEE78F3242934750071E702 /* Build configuration list for PBXNativeTarget "Segment-Adobe-Analytics_TVOS" */ = {
			isa = XCConfigurationList;
			buildConfigurations = (
				EAEE78ED242934750071E702 /* Debug */,
				EAEE78EE242934750071E702 /* Release */,
			);
			defaultConfigurationIsVisible = 0;
			defaultConfigurationName = Release;
		};
		EAEE78F4242934750071E702 /* Build configuration list for PBXNativeTarget "Segment-Adobe-Analytics_TVOSTests" */ = {
			isa = XCConfigurationList;
			buildConfigurations = (
				EAEE78EF242934750071E702 /* Debug */,
				EAEE78F0242934750071E702 /* Release */,
			);
			defaultConfigurationIsVisible = 0;
			defaultConfigurationName = Release;
		};
		EAEE78F5242934750071E702 /* Build configuration list for PBXNativeTarget "Segment-Adobe-Analytics_TVOSUITests" */ = {
			isa = XCConfigurationList;
			buildConfigurations = (
				EAEE78F1242934750071E702 /* Debug */,
				EAEE78F2242934750071E702 /* Release */,
			);
			defaultConfigurationIsVisible = 0;
			defaultConfigurationName = Release;
		};
/* End XCConfigurationList section */
	};
	rootObject = 6003F582195388D10070C39A /* Project object */;
}
